
Microsoft Visual Studio Solution File, Format Version 12.00
# Visual Studio Version 16
VisualStudioVersion = 16.0.29230.47
MinimumVisualStudioVersion = 10.0.40219.1
Project("{FAE04EC0-301F-11D3-BF4B-00C04F79EFBC}") = "LandrTest", "LandrTest\LandrTest.csproj", "{7CB85D21-87D8-4E8B-8BD6-2422ABF5E430}"
EndProject
Project("{9A19103F-16F7-4668-BE54-9A1E7A4F7556}") = "XUnitTestProject1", "XUnitTestProject1\XUnitTestProject1.csproj", "{D0C7A9DC-1640-4A0D-80B6-28EF11C05B9F}"
EndProject
Global
	GlobalSection(SolutionConfigurationPlatforms) = preSolution
		Debug|Any CPU = Debug|Any CPU
		Release|Any CPU = Release|Any CPU
	EndGlobalSection
	GlobalSection(ProjectConfigurationPlatforms) = postSolution
		{7CB85D21-87D8-4E8B-8BD6-2422ABF5E430}.Debug|Any CPU.ActiveCfg = Debug|Any CPU
		{7CB85D21-87D8-4E8B-8BD6-2422ABF5E430}.Debug|Any CPU.Build.0 = Debug|Any CPU
		{7CB85D21-87D8-4E8B-8BD6-2422ABF5E430}.Release|Any CPU.ActiveCfg = Release|Any CPU
		{7CB85D21-87D8-4E8B-8BD6-2422ABF5E430}.Release|Any CPU.Build.0 = Release|Any CPU
		{D0C7A9DC-1640-4A0D-80B6-28EF11C05B9F}.Debug|Any CPU.ActiveCfg = Debug|Any CPU
		{D0C7A9DC-1640-4A0D-80B6-28EF11C05B9F}.Debug|Any CPU.Build.0 = Debug|Any CPU
		{D0C7A9DC-1640-4A0D-80B6-28EF11C05B9F}.Release|Any CPU.ActiveCfg = Release|Any CPU
		{D0C7A9DC-1640-4A0D-80B6-28EF11C05B9F}.Release|Any CPU.Build.0 = Release|Any CPU
	EndGlobalSection
	GlobalSection(SolutionProperties) = preSolution
		HideSolutionNode = FALSE
	EndGlobalSection
	GlobalSection(ExtensibilityGlobals) = postSolution
		SolutionGuid = {F1D99BD5-3C4F-4946-90C4-5880E0C24A45}
	EndGlobalSection
EndGlobal
